
Microsoft Visual Studio Solution File, Format Version 12.00
# Visual Studio 14
VisualStudioVersion = 14.0.25420.1
MinimumVisualStudioVersion = 10.0.40219.1
Project("{FAE04EC0-301F-11D3-BF4B-00C04F79EFBC}") = "M2C_App", "M2C_App\M2C_App\M2C_App.csproj", "{515CF8E4-99F2-4F64-81C6-DFBEF00CB806}"
EndProject
Project("{FAE04EC0-301F-11D3-BF4B-00C04F79EFBC}") = "M2C_App.Droid", "M2C_App\M2C_App.Droid\M2C_App.Droid.csproj", "{AB26168A-9A68-46B0-9804-842F6B80C762}"
EndProject
Project("{FAE04EC0-301F-11D3-BF4B-00C04F79EFBC}") = "M2C_App.iOS", "M2C_App\M2C_App.iOS\M2C_App.iOS.csproj", "{CC8299FD-CF4A-4293-BB29-31F3511CD3DC}"
EndProject
Project("{FAE04EC0-301F-11D3-BF4B-00C04F79EFBC}") = "M2C_App.UWP", "M2C_App\M2C_App.UWP\M2C_App.UWP.csproj", "{F619B861-3692-4739-8914-FAA74A0BC064}"
EndProject
Project("{FAE04EC0-301F-11D3-BF4B-00C04F79EFBC}") = "M2C_App.Windows", "M2C_App\M2C_App.Windows\M2C_App.Windows.csproj", "{3D5FBB1C-2680-458C-9F12-9ABDEF6E32A3}"
EndProject
Global
	GlobalSection(SolutionConfigurationPlatforms) = preSolution
		Ad-Hoc|Any CPU = Ad-Hoc|Any CPU
		Ad-Hoc|ARM = Ad-Hoc|ARM
		Ad-Hoc|iPhone = Ad-Hoc|iPhone
		Ad-Hoc|iPhoneSimulator = Ad-Hoc|iPhoneSimulator
		Ad-Hoc|x64 = Ad-Hoc|x64
		Ad-Hoc|x86 = Ad-Hoc|x86
		AppStore|Any CPU = AppStore|Any CPU
		AppStore|ARM = AppStore|ARM
		AppStore|iPhone = AppStore|iPhone
		AppStore|iPhoneSimulator = AppStore|iPhoneSimulator
		AppStore|x64 = AppStore|x64
		AppStore|x86 = AppStore|x86
		Debug|Any CPU = Debug|Any CPU
		Debug|ARM = Debug|ARM
		Debug|iPhone = Debug|iPhone
		Debug|iPhoneSimulator = Debug|iPhoneSimulator
		Debug|x64 = Debug|x64
		Debug|x86 = Debug|x86
		Release|Any CPU = Release|Any CPU
		Release|ARM = Release|ARM
		Release|iPhone = Release|iPhone
		Release|iPhoneSimulator = Release|iPhoneSimulator
		Release|x64 = Release|x64
		Release|x86 = Release|x86
	EndGlobalSection
	GlobalSection(ProjectConfigurationPlatforms) = postSolution
		{515CF8E4-99F2-4F64-81C6-DFBEF00CB806}.Ad-Hoc|Any CPU.ActiveCfg = Release|Any CPU
		{515CF8E4-99F2-4F64-81C6-DFBEF00CB806}.Ad-Hoc|Any CPU.Build.0 = Release|Any CPU
		{515CF8E4-99F2-4F64-81C6-DFBEF00CB806}.Ad-Hoc|ARM.ActiveCfg = Release|Any CPU
		{515CF8E4-99F2-4F64-81C6-DFBEF00CB806}.Ad-Hoc|ARM.Build.0 = Release|Any CPU
		{515CF8E4-99F2-4F64-81C6-DFBEF00CB806}.Ad-Hoc|iPhone.ActiveCfg = Release|Any CPU
		{515CF8E4-99F2-4F64-81C6-DFBEF00CB806}.Ad-Hoc|iPhone.Build.0 = Release|Any CPU
		{515CF8E4-99F2-4F64-81C6-DFBEF00CB806}.Ad-Hoc|iPhoneSimulator.ActiveCfg = Release|Any CPU
		{515CF8E4-99F2-4F64-81C6-DFBEF00CB806}.Ad-Hoc|iPhoneSimulator.Build.0 = Release|Any CPU
		{515CF8E4-99F2-4F64-81C6-DFBEF00CB806}.Ad-Hoc|x64.ActiveCfg = Release|Any CPU
		{515CF8E4-99F2-4F64-81C6-DFBEF00CB806}.Ad-Hoc|x64.Build.0 = Release|Any CPU
		{515CF8E4-99F2-4F64-81C6-DFBEF00CB806}.Ad-Hoc|x86.ActiveCfg = Release|Any CPU
		{515CF8E4-99F2-4F64-81C6-DFBEF00CB806}.Ad-Hoc|x86.Build.0 = Release|Any CPU
		{515CF8E4-99F2-4F64-81C6-DFBEF00CB806}.AppStore|Any CPU.ActiveCfg = Release|Any CPU
		{515CF8E4-99F2-4F64-81C6-DFBEF00CB806}.AppStore|Any CPU.Build.0 = Release|Any CPU
		{515CF8E4-99F2-4F64-81C6-DFBEF00CB806}.AppStore|ARM.ActiveCfg = Release|Any CPU
		{515CF8E4-99F2-4F64-81C6-DFBEF00CB806}.AppStore|ARM.Build.0 = Release|Any CPU
		{515CF8E4-99F2-4F64-81C6-DFBEF00CB806}.AppStore|iPhone.ActiveCfg = Release|Any CPU
		{515CF8E4-99F2-4F64-81C6-DFBEF00CB806}.AppStore|iPhone.Build.0 = Release|Any CPU
		{515CF8E4-99F2-4F64-81C6-DFBEF00CB806}.AppStore|iPhoneSimulator.ActiveCfg = Release|Any CPU
		{515CF8E4-99F2-4F64-81C6-DFBEF00CB806}.AppStore|iPhoneSimulator.Build.0 = Release|Any CPU
		{515CF8E4-99F2-4F64-81C6-DFBEF00CB806}.AppStore|x64.ActiveCfg = Release|Any CPU
		{515CF8E4-99F2-4F64-81C6-DFBEF00CB806}.AppStore|x64.Build.0 = Release|Any CPU
		{515CF8E4-99F2-4F64-81C6-DFBEF00CB806}.AppStore|x86.ActiveCfg = Release|Any CPU
		{515CF8E4-99F2-4F64-81C6-DFBEF00CB806}.AppStore|x86.Build.0 = Release|Any CPU
		{515CF8E4-99F2-4F64-81C6-DFBEF00CB806}.Debug|Any CPU.ActiveCfg = Debug|Any CPU
		{515CF8E4-99F2-4F64-81C6-DFBEF00CB806}.Debug|Any CPU.Build.0 = Debug|Any CPU
		{515CF8E4-99F2-4F64-81C6-DFBEF00CB806}.Debug|ARM.ActiveCfg = Debug|Any CPU
		{515CF8E4-99F2-4F64-81C6-DFBEF00CB806}.Debug|ARM.Build.0 = Debug|Any CPU
		{515CF8E4-99F2-4F64-81C6-DFBEF00CB806}.Debug|iPhone.ActiveCfg = Debug|Any CPU
		{515CF8E4-99F2-4F64-81C6-DFBEF00CB806}.Debug|iPhone.Build.0 = Debug|Any CPU
		{515CF8E4-99F2-4F64-81C6-DFBEF00CB806}.Debug|iPhoneSimulator.ActiveCfg = Debug|Any CPU
		{515CF8E4-99F2-4F64-81C6-DFBEF00CB806}.Debug|iPhoneSimulator.Build.0 = Debug|Any CPU
		{515CF8E4-99F2-4F64-81C6-DFBEF00CB806}.Debug|x64.ActiveCfg = Debug|Any CPU
		{515CF8E4-99F2-4F64-81C6-DFBEF00CB806}.Debug|x64.Build.0 = Debug|Any CPU
		{515CF8E4-99F2-4F64-81C6-DFBEF00CB806}.Debug|x86.ActiveCfg = Debug|Any CPU
		{515CF8E4-99F2-4F64-81C6-DFBEF00CB806}.Debug|x86.Build.0 = Debug|Any CPU
		{515CF8E4-99F2-4F64-81C6-DFBEF00CB806}.Release|Any CPU.ActiveCfg = Release|Any CPU
		{515CF8E4-99F2-4F64-81C6-DFBEF00CB806}.Release|Any CPU.Build.0 = Release|Any CPU
		{515CF8E4-99F2-4F64-81C6-DFBEF00CB806}.Release|ARM.ActiveCfg = Release|Any CPU
		{515CF8E4-99F2-4F64-81C6-DFBEF00CB806}.Release|ARM.Build.0 = Release|Any CPU
		{515CF8E4-99F2-4F64-81C6-DFBEF00CB806}.Release|iPhone.ActiveCfg = Release|Any CPU
		{515CF8E4-99F2-4F64-81C6-DFBEF00CB806}.Release|iPhone.Build.0 = Release|Any CPU
		{515CF8E4-99F2-4F64-81C6-DFBEF00CB806}.Release|iPhoneSimulator.ActiveCfg = Release|Any CPU
		{515CF8E4-99F2-4F64-81C6-DFBEF00CB806}.Release|iPhoneSimulator.Build.0 = Release|Any CPU
		{515CF8E4-99F2-4F64-81C6-DFBEF00CB806}.Release|x64.ActiveCfg = Release|Any CPU
		{515CF8E4-99F2-4F64-81C6-DFBEF00CB806}.Release|x64.Build.0 = Release|Any CPU
		{515CF8E4-99F2-4F64-81C6-DFBEF00CB806}.Release|x86.ActiveCfg = Release|Any CPU
		{515CF8E4-99F2-4F64-81C6-DFBEF00CB806}.Release|x86.Build.0 = Release|Any CPU
		{AB26168A-9A68-46B0-9804-842F6B80C762}.Ad-Hoc|Any CPU.ActiveCfg = Release|Any CPU
		{AB26168A-9A68-46B0-9804-842F6B80C762}.Ad-Hoc|Any CPU.Build.0 = Release|Any CPU
		{AB26168A-9A68-46B0-9804-842F6B80C762}.Ad-Hoc|Any CPU.Deploy.0 = Release|Any CPU
		{AB26168A-9A68-46B0-9804-842F6B80C762}.Ad-Hoc|ARM.ActiveCfg = Release|Any CPU
		{AB26168A-9A68-46B0-9804-842F6B80C762}.Ad-Hoc|ARM.Build.0 = Release|Any CPU
		{AB26168A-9A68-46B0-9804-842F6B80C762}.Ad-Hoc|ARM.Deploy.0 = Release|Any CPU
		{AB26168A-9A68-46B0-9804-842F6B80C762}.Ad-Hoc|iPhone.ActiveCfg = Release|Any CPU
		{AB26168A-9A68-46B0-9804-842F6B80C762}.Ad-Hoc|iPhone.Build.0 = Release|Any CPU
		{AB26168A-9A68-46B0-9804-842F6B80C762}.Ad-Hoc|iPhone.Deploy.0 = Release|Any CPU
		{AB26168A-9A68-46B0-9804-842F6B80C762}.Ad-Hoc|iPhoneSimulator.ActiveCfg = Release|Any CPU
		{AB26168A-9A68-46B0-9804-842F6B80C762}.Ad-Hoc|iPhoneSimulator.Build.0 = Release|Any CPU
		{AB26168A-9A68-46B0-9804-842F6B80C762}.Ad-Hoc|iPhoneSimulator.Deploy.0 = Release|Any CPU
		{AB26168A-9A68-46B0-9804-842F6B80C762}.Ad-Hoc|x64.ActiveCfg = Release|Any CPU
		{AB26168A-9A68-46B0-9804-842F6B80C762}.Ad-Hoc|x64.Build.0 = Release|Any CPU
		{AB26168A-9A68-46B0-9804-842F6B80C762}.Ad-Hoc|x64.Deploy.0 = Release|Any CPU
		{AB26168A-9A68-46B0-9804-842F6B80C762}.Ad-Hoc|x86.ActiveCfg = Release|Any CPU
		{AB26168A-9A68-46B0-9804-842F6B80C762}.Ad-Hoc|x86.Build.0 = Release|Any CPU
		{AB26168A-9A68-46B0-9804-842F6B80C762}.Ad-Hoc|x86.Deploy.0 = Release|Any CPU
		{AB26168A-9A68-46B0-9804-842F6B80C762}.AppStore|Any CPU.ActiveCfg = Release|Any CPU
		{AB26168A-9A68-46B0-9804-842F6B80C762}.AppStore|Any CPU.Build.0 = Release|Any CPU
		{AB26168A-9A68-46B0-9804-842F6B80C762}.AppStore|Any CPU.Deploy.0 = Release|Any CPU
		{AB26168A-9A68-46B0-9804-842F6B80C762}.AppStore|ARM.ActiveCfg = Release|Any CPU
		{AB26168A-9A68-46B0-9804-842F6B80C762}.AppStore|ARM.Build.0 = Release|Any CPU
		{AB26168A-9A68-46B0-9804-842F6B80C762}.AppStore|ARM.Deploy.0 = Release|Any CPU
		{AB26168A-9A68-46B0-9804-842F6B80C762}.AppStore|iPhone.ActiveCfg = Release|Any CPU
		{AB26168A-9A68-46B0-9804-842F6B80C762}.AppStore|iPhone.Build.0 = Release|Any CPU
		{AB26168A-9A68-46B0-9804-842F6B80C762}.AppStore|iPhone.Deploy.0 = Release|Any CPU
		{AB26168A-9A68-46B0-9804-842F6B80C762}.AppStore|iPhoneSimulator.ActiveCfg = Release|Any CPU
		{AB26168A-9A68-46B0-9804-842F6B80C762}.AppStore|iPhoneSimulator.Build.0 = Release|Any CPU
		{AB26168A-9A68-46B0-9804-842F6B80C762}.AppStore|iPhoneSimulator.Deploy.0 = Release|Any CPU
		{AB26168A-9A68-46B0-9804-842F6B80C762}.AppStore|x64.ActiveCfg = Release|Any CPU
		{AB26168A-9A68-46B0-9804-842F6B80C762}.AppStore|x64.Build.0 = Release|Any CPU
		{AB26168A-9A68-46B0-9804-842F6B80C762}.AppStore|x64.Deploy.0 = Release|Any CPU
		{AB26168A-9A68-46B0-9804-842F6B80C762}.AppStore|x86.ActiveCfg = Release|Any CPU
		{AB26168A-9A68-46B0-9804-842F6B80C762}.AppStore|x86.Build.0 = Release|Any CPU
		{AB26168A-9A68-46B0-9804-842F6B80C762}.AppStore|x86.Deploy.0 = Release|Any CPU
		{AB26168A-9A68-46B0-9804-842F6B80C762}.Debug|Any CPU.ActiveCfg = Debug|Any CPU
		{AB26168A-9A68-46B0-9804-842F6B80C762}.Debug|Any CPU.Build.0 = Debug|Any CPU
		{AB26168A-9A68-46B0-9804-842F6B80C762}.Debug|Any CPU.Deploy.0 = Debug|Any CPU
		{AB26168A-9A68-46B0-9804-842F6B80C762}.Debug|ARM.ActiveCfg = Debug|Any CPU
		{AB26168A-9A68-46B0-9804-842F6B80C762}.Debug|ARM.Build.0 = Debug|Any CPU
		{AB26168A-9A68-46B0-9804-842F6B80C762}.Debug|ARM.Deploy.0 = Debug|Any CPU
		{AB26168A-9A68-46B0-9804-842F6B80C762}.Debug|iPhone.ActiveCfg = Debug|Any CPU
		{AB26168A-9A68-46B0-9804-842F6B80C762}.Debug|iPhone.Build.0 = Debug|Any CPU
		{AB26168A-9A68-46B0-9804-842F6B80C762}.Debug|iPhone.Deploy.0 = Debug|Any CPU
		{AB26168A-9A68-46B0-9804-842F6B80C762}.Debug|iPhoneSimulator.ActiveCfg = Debug|Any CPU
		{AB26168A-9A68-46B0-9804-842F6B80C762}.Debug|iPhoneSimulator.Build.0 = Debug|Any CPU
		{AB26168A-9A68-46B0-9804-842F6B80C762}.Debug|iPhoneSimulator.Deploy.0 = Debug|Any CPU
		{AB26168A-9A68-46B0-9804-842F6B80C762}.Debug|x64.ActiveCfg = Debug|Any CPU
		{AB26168A-9A68-46B0-9804-842F6B80C762}.Debug|x64.Build.0 = Debug|Any CPU
		{AB26168A-9A68-46B0-9804-842F6B80C762}.Debug|x64.Deploy.0 = Debug|Any CPU
		{AB26168A-9A68-46B0-9804-842F6B80C762}.Debug|x86.ActiveCfg = Debug|Any CPU
		{AB26168A-9A68-46B0-9804-842F6B80C762}.Debug|x86.Build.0 = Debug|Any CPU
		{AB26168A-9A68-46B0-9804-842F6B80C762}.Debug|x86.Deploy.0 = Debug|Any CPU
		{AB26168A-9A68-46B0-9804-842F6B80C762}.Release|Any CPU.ActiveCfg = Release|Any CPU
		{AB26168A-9A68-46B0-9804-842F6B80C762}.Release|Any CPU.Build.0 = Release|Any CPU
		{AB26168A-9A68-46B0-9804-842F6B80C762}.Release|Any CPU.Deploy.0 = Release|Any CPU
		{AB26168A-9A68-46B0-9804-842F6B80C762}.Release|ARM.ActiveCfg = Release|Any CPU
		{AB26168A-9A68-46B0-9804-842F6B80C762}.Release|ARM.Build.0 = Release|Any CPU
		{AB26168A-9A68-46B0-9804-842F6B80C762}.Release|ARM.Deploy.0 = Release|Any CPU
		{AB26168A-9A68-46B0-9804-842F6B80C762}.Release|iPhone.ActiveCfg = Release|Any CPU
		{AB26168A-9A68-46B0-9804-842F6B80C762}.Release|iPhone.Build.0 = Release|Any CPU
		{AB26168A-9A68-46B0-9804-842F6B80C762}.Release|iPhone.Deploy.0 = Release|Any CPU
		{AB26168A-9A68-46B0-9804-842F6B80C762}.Release|iPhoneSimulator.ActiveCfg = Release|Any CPU
		{AB26168A-9A68-46B0-9804-842F6B80C762}.Release|iPhoneSimulator.Build.0 = Release|Any CPU
		{AB26168A-9A68-46B0-9804-842F6B80C762}.Release|iPhoneSimulator.Deploy.0 = Release|Any CPU
		{AB26168A-9A68-46B0-9804-842F6B80C762}.Release|x64.ActiveCfg = Release|Any CPU
		{AB26168A-9A68-46B0-9804-842F6B80C762}.Release|x64.Build.0 = Release|Any CPU
		{AB26168A-9A68-46B0-9804-842F6B80C762}.Release|x64.Deploy.0 = Release|Any CPU
		{AB26168A-9A68-46B0-9804-842F6B80C762}.Release|x86.ActiveCfg = Release|Any CPU
		{AB26168A-9A68-46B0-9804-842F6B80C762}.Release|x86.Build.0 = Release|Any CPU
		{AB26168A-9A68-46B0-9804-842F6B80C762}.Release|x86.Deploy.0 = Release|Any CPU
		{CC8299FD-CF4A-4293-BB29-31F3511CD3DC}.Ad-Hoc|Any CPU.ActiveCfg = Ad-Hoc|iPhone
		{CC8299FD-CF4A-4293-BB29-31F3511CD3DC}.Ad-Hoc|ARM.ActiveCfg = Ad-Hoc|iPhone
		{CC8299FD-CF4A-4293-BB29-31F3511CD3DC}.Ad-Hoc|iPhone.ActiveCfg = Ad-Hoc|iPhone
		{CC8299FD-CF4A-4293-BB29-31F3511CD3DC}.Ad-Hoc|iPhone.Build.0 = Ad-Hoc|iPhone
		{CC8299FD-CF4A-4293-BB29-31F3511CD3DC}.Ad-Hoc|iPhoneSimulator.ActiveCfg = Ad-Hoc|iPhoneSimulator
		{CC8299FD-CF4A-4293-BB29-31F3511CD3DC}.Ad-Hoc|iPhoneSimulator.Build.0 = Ad-Hoc|iPhoneSimulator
		{CC8299FD-CF4A-4293-BB29-31F3511CD3DC}.Ad-Hoc|x64.ActiveCfg = Ad-Hoc|iPhone
		{CC8299FD-CF4A-4293-BB29-31F3511CD3DC}.Ad-Hoc|x86.ActiveCfg = Ad-Hoc|iPhone
		{CC8299FD-CF4A-4293-BB29-31F3511CD3DC}.AppStore|Any CPU.ActiveCfg = AppStore|iPhone
		{CC8299FD-CF4A-4293-BB29-31F3511CD3DC}.AppStore|ARM.ActiveCfg = AppStore|iPhone
		{CC8299FD-CF4A-4293-BB29-31F3511CD3DC}.AppStore|iPhone.ActiveCfg = AppStore|iPhone
		{CC8299FD-CF4A-4293-BB29-31F3511CD3DC}.AppStore|iPhone.Build.0 = AppStore|iPhone
		{CC8299FD-CF4A-4293-BB29-31F3511CD3DC}.AppStore|iPhoneSimulator.ActiveCfg = AppStore|iPhoneSimulator
		{CC8299FD-CF4A-4293-BB29-31F3511CD3DC}.AppStore|iPhoneSimulator.Build.0 = AppStore|iPhoneSimulator
		{CC8299FD-CF4A-4293-BB29-31F3511CD3DC}.AppStore|x64.ActiveCfg = AppStore|iPhone
		{CC8299FD-CF4A-4293-BB29-31F3511CD3DC}.AppStore|x86.ActiveCfg = AppStore|iPhone
		{CC8299FD-CF4A-4293-BB29-31F3511CD3DC}.Debug|Any CPU.ActiveCfg = Debug|iPhone
		{CC8299FD-CF4A-4293-BB29-31F3511CD3DC}.Debug|ARM.ActiveCfg = Debug|iPhone
		{CC8299FD-CF4A-4293-BB29-31F3511CD3DC}.Debug|iPhone.ActiveCfg = Debug|iPhone
		{CC8299FD-CF4A-4293-BB29-31F3511CD3DC}.Debug|iPhone.Build.0 = Debug|iPhone
		{CC8299FD-CF4A-4293-BB29-31F3511CD3DC}.Debug|iPhoneSimulator.ActiveCfg = Debug|iPhoneSimulator
		{CC8299FD-CF4A-4293-BB29-31F3511CD3DC}.Debug|iPhoneSimulator.Build.0 = Debug|iPhoneSimulator
		{CC8299FD-CF4A-4293-BB29-31F3511CD3DC}.Debug|x64.ActiveCfg = Debug|iPhone
		{CC8299FD-CF4A-4293-BB29-31F3511CD3DC}.Debug|x86.ActiveCfg = Debug|iPhone
		{CC8299FD-CF4A-4293-BB29-31F3511CD3DC}.Release|Any CPU.ActiveCfg = Release|iPhone
		{CC8299FD-CF4A-4293-BB29-31F3511CD3DC}.Release|ARM.ActiveCfg = Release|iPhone
		{CC8299FD-CF4A-4293-BB29-31F3511CD3DC}.Release|iPhone.ActiveCfg = Release|iPhone
		{CC8299FD-CF4A-4293-BB29-31F3511CD3DC}.Release|iPhone.Build.0 = Release|iPhone
		{CC8299FD-CF4A-4293-BB29-31F3511CD3DC}.Release|iPhoneSimulator.ActiveCfg = Release|iPhoneSimulator
		{CC8299FD-CF4A-4293-BB29-31F3511CD3DC}.Release|iPhoneSimulator.Build.0 = Release|iPhoneSimulator
		{CC8299FD-CF4A-4293-BB29-31F3511CD3DC}.Release|x64.ActiveCfg = Release|iPhone
		{CC8299FD-CF4A-4293-BB29-31F3511CD3DC}.Release|x86.ActiveCfg = Release|iPhone
		{F619B861-3692-4739-8914-FAA74A0BC064}.Ad-Hoc|Any CPU.ActiveCfg = Release|x86
		{F619B861-3692-4739-8914-FAA74A0BC064}.Ad-Hoc|Any CPU.Build.0 = Release|x86
		{F619B861-3692-4739-8914-FAA74A0BC064}.Ad-Hoc|Any CPU.Deploy.0 = Release|x86
		{F619B861-3692-4739-8914-FAA74A0BC064}.Ad-Hoc|ARM.ActiveCfg = Release|ARM
		{F619B861-3692-4739-8914-FAA74A0BC064}.Ad-Hoc|ARM.Build.0 = Release|ARM
		{F619B861-3692-4739-8914-FAA74A0BC064}.Ad-Hoc|ARM.Deploy.0 = Release|ARM
		{F619B861-3692-4739-8914-FAA74A0BC064}.Ad-Hoc|iPhone.ActiveCfg = Release|x86
		{F619B861-3692-4739-8914-FAA74A0BC064}.Ad-Hoc|iPhone.Build.0 = Release|x86
		{F619B861-3692-4739-8914-FAA74A0BC064}.Ad-Hoc|iPhone.Deploy.0 = Release|x86
		{F619B861-3692-4739-8914-FAA74A0BC064}.Ad-Hoc|iPhoneSimulator.ActiveCfg = Release|x86
		{F619B861-3692-4739-8914-FAA74A0BC064}.Ad-Hoc|iPhoneSimulator.Build.0 = Release|x86
		{F619B861-3692-4739-8914-FAA74A0BC064}.Ad-Hoc|iPhoneSimulator.Deploy.0 = Release|x86
		{F619B861-3692-4739-8914-FAA74A0BC064}.Ad-Hoc|x64.ActiveCfg = Release|x64
		{F619B861-3692-4739-8914-FAA74A0BC064}.Ad-Hoc|x64.Build.0 = Release|x64
		{F619B861-3692-4739-8914-FAA74A0BC064}.Ad-Hoc|x64.Deploy.0 = Release|x64
		{F619B861-3692-4739-8914-FAA74A0BC064}.Ad-Hoc|x86.ActiveCfg = Release|x86
		{F619B861-3692-4739-8914-FAA74A0BC064}.Ad-Hoc|x86.Build.0 = Release|x86
		{F619B861-3692-4739-8914-FAA74A0BC064}.Ad-Hoc|x86.Deploy.0 = Release|x86
		{F619B861-3692-4739-8914-FAA74A0BC064}.AppStore|Any CPU.ActiveCfg = Release|x86
		{F619B861-3692-4739-8914-FAA74A0BC064}.AppStore|Any CPU.Build.0 = Release|x86
		{F619B861-3692-4739-8914-FAA74A0BC064}.AppStore|Any CPU.Deploy.0 = Release|x86
		{F619B861-3692-4739-8914-FAA74A0BC064}.AppStore|ARM.ActiveCfg = Release|ARM
		{F619B861-3692-4739-8914-FAA74A0BC064}.AppStore|ARM.Build.0 = Release|ARM
		{F619B861-3692-4739-8914-FAA74A0BC064}.AppStore|ARM.Deploy.0 = Release|ARM
		{F619B861-3692-4739-8914-FAA74A0BC064}.AppStore|iPhone.ActiveCfg = Release|x86
		{F619B861-3692-4739-8914-FAA74A0BC064}.AppStore|iPhone.Build.0 = Release|x86
		{F619B861-3692-4739-8914-FAA74A0BC064}.AppStore|iPhone.Deploy.0 = Release|x86
		{F619B861-3692-4739-8914-FAA74A0BC064}.AppStore|iPhoneSimulator.ActiveCfg = Release|x86
		{F619B861-3692-4739-8914-FAA74A0BC064}.AppStore|iPhoneSimulator.Build.0 = Release|x86
		{F619B861-3692-4739-8914-FAA74A0BC064}.AppStore|iPhoneSimulator.Deploy.0 = Release|x86
		{F619B861-3692-4739-8914-FAA74A0BC064}.AppStore|x64.ActiveCfg = Release|x64
		{F619B861-3692-4739-8914-FAA74A0BC064}.AppStore|x64.Build.0 = Release|x64
		{F619B861-3692-4739-8914-FAA74A0BC064}.AppStore|x64.Deploy.0 = Release|x64
		{F619B861-3692-4739-8914-FAA74A0BC064}.AppStore|x86.ActiveCfg = Release|x86
		{F619B861-3692-4739-8914-FAA74A0BC064}.AppStore|x86.Build.0 = Release|x86
		{F619B861-3692-4739-8914-FAA74A0BC064}.AppStore|x86.Deploy.0 = Release|x86
		{F619B861-3692-4739-8914-FAA74A0BC064}.Debug|Any CPU.ActiveCfg = Debug|x86
		{F619B861-3692-4739-8914-FAA74A0BC064}.Debug|ARM.ActiveCfg = Debug|ARM
		{F619B861-3692-4739-8914-FAA74A0BC064}.Debug|ARM.Build.0 = Debug|ARM
		{F619B861-3692-4739-8914-FAA74A0BC064}.Debug|ARM.Deploy.0 = Debug|ARM
		{F619B861-3692-4739-8914-FAA74A0BC064}.Debug|iPhone.ActiveCfg = Debug|x86
		{F619B861-3692-4739-8914-FAA74A0BC064}.Debug|iPhoneSimulator.ActiveCfg = Debug|x86
		{F619B861-3692-4739-8914-FAA74A0BC064}.Debug|x64.ActiveCfg = Debug|x64
		{F619B861-3692-4739-8914-FAA74A0BC064}.Debug|x64.Build.0 = Debug|x64
		{F619B861-3692-4739-8914-FAA74A0BC064}.Debug|x64.Deploy.0 = Debug|x64
		{F619B861-3692-4739-8914-FAA74A0BC064}.Debug|x86.ActiveCfg = Debug|x86
		{F619B861-3692-4739-8914-FAA74A0BC064}.Debug|x86.Build.0 = Debug|x86
		{F619B861-3692-4739-8914-FAA74A0BC064}.Debug|x86.Deploy.0 = Debug|x86
		{F619B861-3692-4739-8914-FAA74A0BC064}.Release|Any CPU.ActiveCfg = Release|x86
		{F619B861-3692-4739-8914-FAA74A0BC064}.Release|ARM.ActiveCfg = Release|ARM
		{F619B861-3692-4739-8914-FAA74A0BC064}.Release|ARM.Build.0 = Release|ARM
		{F619B861-3692-4739-8914-FAA74A0BC064}.Release|ARM.Deploy.0 = Release|ARM
		{F619B861-3692-4739-8914-FAA74A0BC064}.Release|iPhone.ActiveCfg = Release|x86
		{F619B861-3692-4739-8914-FAA74A0BC064}.Release|iPhoneSimulator.ActiveCfg = Release|x86
		{F619B861-3692-4739-8914-FAA74A0BC064}.Release|x64.ActiveCfg = Release|x64
		{F619B861-3692-4739-8914-FAA74A0BC064}.Release|x64.Build.0 = Release|x64
		{F619B861-3692-4739-8914-FAA74A0BC064}.Release|x64.Deploy.0 = Release|x64
		{F619B861-3692-4739-8914-FAA74A0BC064}.Release|x86.ActiveCfg = Release|x86
		{F619B861-3692-4739-8914-FAA74A0BC064}.Release|x86.Build.0 = Release|x86
		{F619B861-3692-4739-8914-FAA74A0BC064}.Release|x86.Deploy.0 = Release|x86
		{3D5FBB1C-2680-458C-9F12-9ABDEF6E32A3}.Ad-Hoc|Any CPU.ActiveCfg = Release|Any CPU
		{3D5FBB1C-2680-458C-9F12-9ABDEF6E32A3}.Ad-Hoc|Any CPU.Build.0 = Release|Any CPU
		{3D5FBB1C-2680-458C-9F12-9ABDEF6E32A3}.Ad-Hoc|ARM.ActiveCfg = Release|ARM
		{3D5FBB1C-2680-458C-9F12-9ABDEF6E32A3}.Ad-Hoc|ARM.Build.0 = Release|ARM
		{3D5FBB1C-2680-458C-9F12-9ABDEF6E32A3}.Ad-Hoc|iPhone.ActiveCfg = Release|Any CPU
		{3D5FBB1C-2680-458C-9F12-9ABDEF6E32A3}.Ad-Hoc|iPhone.Build.0 = Release|Any CPU
		{3D5FBB1C-2680-458C-9F12-9ABDEF6E32A3}.Ad-Hoc|iPhoneSimulator.ActiveCfg = Release|Any CPU
		{3D5FBB1C-2680-458C-9F12-9ABDEF6E32A3}.Ad-Hoc|iPhoneSimulator.Build.0 = Release|Any CPU
		{3D5FBB1C-2680-458C-9F12-9ABDEF6E32A3}.Ad-Hoc|x64.ActiveCfg = Release|x64
		{3D5FBB1C-2680-458C-9F12-9ABDEF6E32A3}.Ad-Hoc|x64.Build.0 = Release|x64
		{3D5FBB1C-2680-458C-9F12-9ABDEF6E32A3}.Ad-Hoc|x86.ActiveCfg = Release|x86
		{3D5FBB1C-2680-458C-9F12-9ABDEF6E32A3}.Ad-Hoc|x86.Build.0 = Release|x86
		{3D5FBB1C-2680-458C-9F12-9ABDEF6E32A3}.AppStore|Any CPU.ActiveCfg = Release|Any CPU
		{3D5FBB1C-2680-458C-9F12-9ABDEF6E32A3}.AppStore|Any CPU.Build.0 = Release|Any CPU
		{3D5FBB1C-2680-458C-9F12-9ABDEF6E32A3}.AppStore|ARM.ActiveCfg = Release|ARM
		{3D5FBB1C-2680-458C-9F12-9ABDEF6E32A3}.AppStore|ARM.Build.0 = Release|ARM
		{3D5FBB1C-2680-458C-9F12-9ABDEF6E32A3}.AppStore|iPhone.ActiveCfg = Release|Any CPU
		{3D5FBB1C-2680-458C-9F12-9ABDEF6E32A3}.AppStore|iPhone.Build.0 = Release|Any CPU
		{3D5FBB1C-2680-458C-9F12-9ABDEF6E32A3}.AppStore|iPhoneSimulator.ActiveCfg = Release|Any CPU
		{3D5FBB1C-2680-458C-9F12-9ABDEF6E32A3}.AppStore|iPhoneSimulator.Build.0 = Release|Any CPU
		{3D5FBB1C-2680-458C-9F12-9ABDEF6E32A3}.AppStore|x64.ActiveCfg = Release|x64
		{3D5FBB1C-2680-458C-9F12-9ABDEF6E32A3}.AppStore|x64.Build.0 = Release|x64
		{3D5FBB1C-2680-458C-9F12-9ABDEF6E32A3}.AppStore|x86.ActiveCfg = Release|x86
		{3D5FBB1C-2680-458C-9F12-9ABDEF6E32A3}.AppStore|x86.Build.0 = Release|x86
		{3D5FBB1C-2680-458C-9F12-9ABDEF6E32A3}.Debug|Any CPU.ActiveCfg = Debug|Any CPU
		{3D5FBB1C-2680-458C-9F12-9ABDEF6E32A3}.Debug|Any CPU.Build.0 = Debug|Any CPU
		{3D5FBB1C-2680-458C-9F12-9ABDEF6E32A3}.Debug|ARM.ActiveCfg = Debug|ARM
		{3D5FBB1C-2680-458C-9F12-9ABDEF6E32A3}.Debug|ARM.Build.0 = Debug|ARM
		{3D5FBB1C-2680-458C-9F12-9ABDEF6E32A3}.Debug|iPhone.ActiveCfg = Debug|Any CPU
		{3D5FBB1C-2680-458C-9F12-9ABDEF6E32A3}.Debug|iPhone.Build.0 = Debug|Any CPU
		{3D5FBB1C-2680-458C-9F12-9ABDEF6E32A3}.Debug|iPhoneSimulator.ActiveCfg = Debug|Any CPU
		{3D5FBB1C-2680-458C-9F12-9ABDEF6E32A3}.Debug|iPhoneSimulator.Build.0 = Debug|Any CPU
		{3D5FBB1C-2680-458C-9F12-9ABDEF6E32A3}.Debug|x64.ActiveCfg = Debug|x64
		{3D5FBB1C-2680-458C-9F12-9ABDEF6E32A3}.Debug|x64.Build.0 = Debug|x64
		{3D5FBB1C-2680-458C-9F12-9ABDEF6E32A3}.Debug|x86.ActiveCfg = Debug|x86
		{3D5FBB1C-2680-458C-9F12-9ABDEF6E32A3}.Debug|x86.Build.0 = Debug|x86
		{3D5FBB1C-2680-458C-9F12-9ABDEF6E32A3}.Release|Any CPU.ActiveCfg = Release|Any CPU
		{3D5FBB1C-2680-458C-9F12-9ABDEF6E32A3}.Release|Any CPU.Build.0 = Release|Any CPU
		{3D5FBB1C-2680-458C-9F12-9ABDEF6E32A3}.Release|ARM.ActiveCfg = Release|ARM
		{3D5FBB1C-2680-458C-9F12-9ABDEF6E32A3}.Release|ARM.Build.0 = Release|ARM
		{3D5FBB1C-2680-458C-9F12-9ABDEF6E32A3}.Release|iPhone.ActiveCfg = Release|Any CPU
		{3D5FBB1C-2680-458C-9F12-9ABDEF6E32A3}.Release|iPhone.Build.0 = Release|Any CPU
		{3D5FBB1C-2680-458C-9F12-9ABDEF6E32A3}.Release|iPhoneSimulator.ActiveCfg = Release|Any CPU
		{3D5FBB1C-2680-458C-9F12-9ABDEF6E32A3}.Release|iPhoneSimulator.Build.0 = Release|Any CPU
		{3D5FBB1C-2680-458C-9F12-9ABDEF6E32A3}.Release|x64.ActiveCfg = Release|x64
		{3D5FBB1C-2680-458C-9F12-9ABDEF6E32A3}.Release|x64.Build.0 = Release|x64
		{3D5FBB1C-2680-458C-9F12-9ABDEF6E32A3}.Release|x86.ActiveCfg = Release|x86
		{3D5FBB1C-2680-458C-9F12-9ABDEF6E32A3}.Release|x86.Build.0 = Release|x86
	EndGlobalSection
	GlobalSection(SolutionProperties) = preSolution
		HideSolutionNode = FALSE
	EndGlobalSection
EndGlobal
